
Microsoft Visual Studio Solution File, Format Version 12.00
# Visual Studio Version 16
VisualStudioVersion = 25.0.1705.0
MinimumVisualStudioVersion = 10.0.40219.1
Project("{FAE04EC0-301F-11D3-BF4B-00C04F79EFBC}") = "Beatshop", "Beatshop.csproj", "{697E78B2-A5D2-4514-BD88-51A644FE5C9E}"
EndProject
Global
	GlobalSection(SolutionConfigurationPlatforms) = preSolution
		Debug|Any CPU = Debug|Any CPU
		Release|Any CPU = Release|Any CPU
	EndGlobalSection
	GlobalSection(ProjectConfigurationPlatforms) = postSolution
		{697E78B2-A5D2-4514-BD88-51A644FE5C9E}.Debug|Any CPU.ActiveCfg = Debug|Any CPU
		{697E78B2-A5D2-4514-BD88-51A644FE5C9E}.Debug|Any CPU.Build.0 = Debug|Any CPU
		{697E78B2-A5D2-4514-BD88-51A644FE5C9E}.Release|Any CPU.ActiveCfg = Release|Any CPU
		{697E78B2-A5D2-4514-BD88-51A644FE5C9E}.Release|Any CPU.Build.0 = Release|Any CPU
	EndGlobalSection
	GlobalSection(SolutionProperties) = preSolution
		HideSolutionNode = FALSE
	EndGlobalSection
	GlobalSection(ExtensibilityGlobals) = postSolution
		SolutionGuid = {D9174AB3-7689-4585-803C-19D728037DED}
	EndGlobalSection
EndGlobal
